Microsoft Visual Studio Solution File, Format Version 8.00
Project("{8BC9CEB8-8B4A-11D0-8D11-00A0C91BC942}") = "testapp2", "testapp2.vcproj", "{50070E95-6639-41FC-8AC7-01B47B858ACB}"
	ProjectSection(ProjectDependencies) = postProject
	EndProjectSection
EndProject
Global
	GlobalSection(SolutionConfiguration) = preSolution
		Debug = Debug
		Release = Release
	EndGlobalSection
	GlobalSection(ProjectConfiguration) = postSolution
		{50070E95-6639-41FC-8AC7-01B47B858ACB}.Debug.ActiveCfg = Debug|Win32
		{50070E95-6639-41FC-8AC7-01B47B858ACB}.Debug.Build.0 = Debug|Win32
		{50070E95-6639-41FC-8AC7-01B47B858ACB}.Release.ActiveCfg = Release|Win32
		{50070E95-6639-41FC-8AC7-01B47B858ACB}.Release.Build.0 = Release|Win32
	EndGlobalSection
	GlobalSection(ExtensibilityGlobals) = postSolution
	EndGlobalSection
	GlobalSection(ExtensibilityAddIns) = postSolution
	EndGlobalSection
EndGlobal
